// !$*UTF8*$!
{
	archiveVersion = 1;
	classes = {
	};
	objectVersion = 51;
	objects = {

/* Begin PBXBuildFile section */
		67CC9C307C9299DB379A579F /* Pods_weather.framework in Frameworks */ = {isa = PBXBuildFile; fileRef = 930032F73395468F58F862ED /* Pods_weather.framework */; };
		8A29293822EEAFCB002E6106 /* AppDelegate.swift in Sources */ = {isa = PBXBuildFile; fileRef = 8A29293722EEAFCB002E6106 /* AppDelegate.swift */; };
		8A29293A22EEAFCB002E6106 /* ViewController.swift in Sources */ = {isa = PBXBuildFile; fileRef = 8A29293922EEAFCB002E6106 /* ViewController.swift */; };
		8A29293D22EEAFCB002E6106 /* Main.storyboard in Resources */ = {isa = PBXBuildFile; fileRef = 8A29293B22EEAFCB002E6106 /* Main.storyboard */; };
		8A29294022EEAFCB002E6106 /* weather.xcdatamodeld in Sources */ = {isa = PBXBuildFile; fileRef = 8A29293E22EEAFCB002E6106 /* weather.xcdatamodeld */; };
		8A29294222EEAFCD002E6106 /* Assets.xcassets in Resources */ = {isa = PBXBuildFile; fileRef = 8A29294122EEAFCD002E6106 /* Assets.xcassets */; };
		8A29294522EEAFCD002E6106 /* LaunchScreen.storyboard in Resources */ = {isa = PBXBuildFile; fileRef = 8A29294322EEAFCD002E6106 /* LaunchScreen.storyboard */; };
		8A29295022EEAFCD002E6106 /* weatherTests.swift in Sources */ = {isa = PBXBuildFile; fileRef = 8A29294F22EEAFCD002E6106 /* weatherTests.swift */; };
		8A29295B22EEAFCD002E6106 /* weatherUITests.swift in Sources */ = {isa = PBXBuildFile; fileRef = 8A29295A22EEAFCD002E6106 /* weatherUITests.swift */; };
		8A29296922EEB1A6002E6106 /* gv.swift in Sources */ = {isa = PBXBuildFile; fileRef = 8A29296822EEB1A6002E6106 /* gv.swift */; };
		8A29296B22EEB794002E6106 /* currentWeather.swift in Sources */ = {isa = PBXBuildFile; fileRef = 8A29296A22EEB794002E6106 /* currentWeather.swift */; };
		8A29296D22EEB828002E6106 /* constant.swift in Sources */ = {isa = PBXBuildFile; fileRef = 8A29296C22EEB828002E6106 /* constant.swift */; };
		8AE8F91822EF856C0098A277 /* ForeCast.swift in Sources */ = {isa = PBXBuildFile; fileRef = 8AE8F91722EF856C0098A277 /* ForeCast.swift */; };
		8AE8F91A22EF98240098A277 /* myCell.swift in Sources */ = {isa = PBXBuildFile; fileRef = 8AE8F91922EF98240098A277 /* myCell.swift */; };
		8AE8F91C22EFA49C0098A277 /* Location.swift in Sources */ = {isa = PBXBuildFile; fileRef = 8AE8F91B22EFA49C0098A277 /* Location.swift */; };
/* End PBXBuildFile section */

/* Begin PBXContainerItemProxy section */
		8A29294C22EEAFCD002E6106 /* PBXContainerItemProxy */ = {
			isa = PBXContainerItemProxy;
			containerPortal = 8A29292C22EEAFCB002E6106 /* Project object */;
			proxyType = 1;
			remoteGlobalIDString = 8A29293322EEAFCB002E6106;
			remoteInfo = weather;
		};
		8A29295722EEAFCD002E6106 /* PBXContainerItemProxy */ = {
			isa = PBXContainerItemProxy;
			containerPortal = 8A29292C22EEAFCB002E6106 /* Project object */;
			proxyType = 1;
			remoteGlobalIDString = 8A29293322EEAFCB002E6106;
			remoteInfo = weather;
		};
/* End PBXContainerItemProxy section */

/* Begin PBXFileReference section */
		73F65AC00D23C7E9EA1E2B64 /* Pods-weather.release.xcconfig */ = {isa = PBXFileReference; includeInIndex = 1; lastKnownFileType = text.xcconfig; name = "Pods-weather.release.xcconfig"; path = "Target Support Files/Pods-weather/Pods-weather.release.xcconfig"; sourceTree = "<group>"; };
		8A29293422EEAFCB002E6106 /* weather.app */ = {isa = PBXFileReference; explicitFileType = wrapper.application; includeInIndex = 0; path = weather.app; sourceTree = BUILT_PRODUCTS_DIR; };
		8A29293722EEAFCB002E6106 /* AppDelegate.swift */ = {isa = PBXFileReference; lastKnownFileType = sourcecode.swift; path = AppDelegate.swift; sourceTree = "<group>"; };
		8A29293922EEAFCB002E6106 /* ViewController.swift */ = {isa = PBXFileReference; lastKnownFileType = sourcecode.swift; path = ViewController.swift; sourceTree = "<group>"; };
		8A29293C22EEAFCB002E6106 /* Base */ = {isa = PBXFileReference; lastKnownFileType = file.storyboard; name = Base; path = Base.lproj/Main.storyboard; sourceTree = "<group>"; };
		8A29293F22EEAFCB002E6106 /* weather.xcdatamodel */ = {isa = PBXFileReference; lastKnownFileType = wrapper.xcdatamodel; path = weather.xcdatamodel; sourceTree = "<group>"; };
		8A29294122EEAFCD002E6106 /* Assets.xcassets */ = {isa = PBXFileReference; lastKnownFileType = folder.assetcatalog; path = Assets.xcassets; sourceTree = "<group>"; };
		8A29294422EEAFCD002E6106 /* Base */ = {isa = PBXFileReference; lastKnownFileType = file.storyboard; name = Base; path = Base.lproj/LaunchScreen.storyboard; sourceTree = "<group>"; };
		8A29294622EEAFCD002E6106 /* Info.plist */ = {isa = PBXFileReference; lastKnownFileType = text.plist.xml; path = Info.plist; sourceTree = "<group>"; };
		8A29294B22EEAFCD002E6106 /* weatherTests.xctest */ = {isa = PBXFileReference; explicitFileType = wrapper.cfbundle; includeInIndex = 0; path = weatherTests.xctest; sourceTree = BUILT_PRODUCTS_DIR; };
		8A29294F22EEAFCD002E6106 /* weatherTests.swift */ = {isa = PBXFileReference; lastKnownFileType = sourcecode.swift; path = weatherTests.swift; sourceTree = "<group>"; };
		8A29295122EEAFCD002E6106 /* Info.plist */ = {isa = PBXFileReference; lastKnownFileType = text.plist.xml; path = Info.plist; sourceTree = "<group>"; };
		8A29295622EEAFCD002E6106 /* weatherUITests.xctest */ = {isa = PBXFileReference; explicitFileType = wrapper.cfbundle; includeInIndex = 0; path = weatherUITests.xctest; sourceTree = BUILT_PRODUCTS_DIR; };
		8A29295A22EEAFCD002E6106 /* weatherUITests.swift */ = {isa = PBXFileReference; lastKnownFileType = sourcecode.swift; path = weatherUITests.swift; sourceTree = "<group>"; };
		8A29295C22EEAFCD002E6106 /* Info.plist */ = {isa = PBXFileReference; lastKnownFileType = text.plist.xml; path = Info.plist; sourceTree = "<group>"; };
		8A29296822EEB1A6002E6106 /* gv.swift */ = {isa = PBXFileReference; lastKnownFileType = sourcecode.swift; path = gv.swift; sourceTree = "<group>"; };
		8A29296A22EEB794002E6106 /* currentWeather.swift */ = {isa = PBXFileReference; lastKnownFileType = sourcecode.swift; path = currentWeather.swift; sourceTree = "<group>"; };
		8A29296C22EEB828002E6106 /* constant.swift */ = {isa = PBXFileReference; lastKnownFileType = sourcecode.swift; path = constant.swift; sourceTree = "<group>"; };
		8AE8F91722EF856C0098A277 /* ForeCast.swift */ = {isa = PBXFileReference; lastKnownFileType = sourcecode.swift; path = ForeCast.swift; sourceTree = "<group>"; };
		8AE8F91922EF98240098A277 /* myCell.swift */ = {isa = PBXFileReference; lastKnownFileType = sourcecode.swift; path = myCell.swift; sourceTree = "<group>"; };
		8AE8F91B22EFA49C0098A277 /* Location.swift */ = {isa = PBXFileReference; lastKnownFileType = sourcecode.swift; path = Location.swift; sourceTree = "<group>"; };
		930032F73395468F58F862ED /* Pods_weather.framework */ = {isa = PBXFileReference; explicitFileType = wrapper.framework; includeInIndex = 0; path = Pods_weather.framework; sourceTree = BUILT_PRODUCTS_DIR; };
		9DBE2F51C965D90D7DADCF84 /* Pods-weather.debug.xcconfig */ = {isa = PBXFileReference; includeInIndex = 1; lastKnownFileType = text.xcconfig; name = "Pods-weather.debug.xcconfig"; path = "Target Support Files/Pods-weather/Pods-weather.debug.xcconfig"; sourceTree = "<group>"; };
/* End PBXFileReference section */

/* Begin PBXFrameworksBuildPhase section */
		8A29293122EEAFCB002E6106 /* Frameworks */ = {
			isa = PBXFrameworksBuildPhase;
			buildActionMask = 2147483647;
			files = (
				67CC9C307C9299DB379A579F /* Pods_weather.framework in Frameworks */,
			);
			runOnlyForDeploymentPostprocessing = 0;
		};
		8A29294822EEAFCD002E6106 /* Frameworks */ = {
			isa = PBXFrameworksBuildPhase;
			buildActionMask = 2147483647;
			files = (
			);
			runOnlyForDeploymentPostprocessing = 0;
		};
		8A29295322EEAFCD002E6106 /* Frameworks */ = {
			isa = PBXFrameworksBuildPhase;
			buildActionMask = 2147483647;
			files = (
			);
			runOnlyForDeploymentPostprocessing = 0;
		};
/* End PBXFrameworksBuildPhase section */

/* Begin PBXGroup section */
		8A29292B22EEAFCB002E6106 = {
			isa = PBXGroup;
			children = (
				8AE8F91B22EFA49C0098A277 /* Location.swift */,
				8AE8F91922EF98240098A277 /* myCell.swift */,
				8AE8F91722EF856C0098A277 /* ForeCast.swift */,
				8A29296C22EEB828002E6106 /* constant.swift */,
				8A29296A22EEB794002E6106 /* currentWeather.swift */,
				8A29296822EEB1A6002E6106 /* gv.swift */,
				8A29293622EEAFCB002E6106 /* weather */,
				8A29294E22EEAFCD002E6106 /* weatherTests */,
				8A29295922EEAFCD002E6106 /* weatherUITests */,
				8A29293522EEAFCB002E6106 /* Products */,
				E1FF21C7AD3688D091EF0E80 /* Pods */,
				FC6B243BE4C18E292A57FF60 /* Frameworks */,
			);
			sourceTree = "<group>";
		};
		8A29293522EEAFCB002E6106 /* Products */ = {
			isa = PBXGroup;
			children = (
				8A29293422EEAFCB002E6106 /* weather.app */,
				8A29294B22EEAFCD002E6106 /* weatherTests.xctest */,
				8A29295622EEAFCD002E6106 /* weatherUITests.xctest */,
			);
			name = Products;
			sourceTree = "<group>";
		};
		8A29293622EEAFCB002E6106 /* weather */ = {
			isa = PBXGroup;
			children = (
				8A29293722EEAFCB002E6106 /* AppDelegate.swift */,
				8A29293922EEAFCB002E6106 /* ViewController.swift */,
				8A29293B22EEAFCB002E6106 /* Main.storyboard */,
				8A29294122EEAFCD002E6106 /* Assets.xcassets */,
				8A29294322EEAFCD002E6106 /* LaunchScreen.storyboard */,
				8A29294622EEAFCD002E6106 /* Info.plist */,
				8A29293E22EEAFCB002E6106 /* weather.xcdatamodeld */,
			);
			path = weather;
			sourceTree = "<group>";
		};
		8A29294E22EEAFCD002E6106 /* weatherTests */ = {
			isa = PBXGroup;
			children = (
				8A29294F22EEAFCD002E6106 /* weatherTests.swift */,
				8A29295122EEAFCD002E6106 /* Info.plist */,
			);
			path = weatherTests;
			sourceTree = "<group>";
		};
		8A29295922EEAFCD002E6106 /* weatherUITests */ = {
			isa = PBXGroup;
			children = (
				8A29295A22EEAFCD002E6106 /* weatherUITests.swift */,
				8A29295C22EEAFCD002E6106 /* Info.plist */,
			);
			path = weatherUITests;
			sourceTree = "<group>";
		};
		E1FF21C7AD3688D091EF0E80 /* Pods */ = {
			isa = PBXGroup;
			children = (
				9DBE2F51C965D90D7DADCF84 /* Pods-weather.debug.xcconfig */,
				73F65AC00D23C7E9EA1E2B64 /* Pods-weather.release.xcconfig */,
			);
			path = Pods;
			sourceTree = "<group>";
		};
		FC6B243BE4C18E292A57FF60 /* Frameworks */ = {
			isa = PBXGroup;
			children = (
				930032F73395468F58F862ED /* Pods_weather.framework */,
			);
			name = Frameworks;
			sourceTree = "<group>";
		};
/* End PBXGroup section */

/* Begin PBXNativeTarget section */
		8A29293322EEAFCB002E6106 /* weather */ = {
			isa = PBXNativeTarget;
			buildConfigurationList = 8A29295F22EEAFCD002E6106 /* Build configuration list for PBXNativeTarget "weather" */;
			buildPhases = (
				66183B9D922C30354F682D63 /* [CP] Check Pods Manifest.lock */,
				8A29293022EEAFCB002E6106 /* Sources */,
				8A29293122EEAFCB002E6106 /* Frameworks */,
				8A29293222EEAFCB002E6106 /* Resources */,
				02FF290F28C8CB8D9E0C2B06 /* [CP] Embed Pods Frameworks */,
			);
			buildRules = (
			);
			dependencies = (
			);
			name = weather;
			productName = weather;
			productReference = 8A29293422EEAFCB002E6106 /* weather.app */;
			productType = "com.apple.product-type.application";
		};
		8A29294A22EEAFCD002E6106 /* weatherTests */ = {
			isa = PBXNativeTarget;
			buildConfigurationList = 8A29296222EEAFCD002E6106 /* Build configuration list for PBXNativeTarget "weatherTests" */;
			buildPhases = (
				8A29294722EEAFCD002E6106 /* Sources */,
				8A29294822EEAFCD002E6106 /* Frameworks */,
				8A29294922EEAFCD002E6106 /* Resources */,
			);
			buildRules = (
			);
			dependencies = (
				8A29294D22EEAFCD002E6106 /* PBXTargetDependency */,
			);
			name = weatherTests;
			productName = weatherTests;
			productReference = 8A29294B22EEAFCD002E6106 /* weatherTests.xctest */;
			productType = "com.apple.product-type.bundle.unit-test";
		};
		8A29295522EEAFCD002E6106 /* weatherUITests */ = {
			isa = PBXNativeTarget;
			buildConfigurationList = 8A29296522EEAFCD002E6106 /* Build configuration list for PBXNativeTarget "weatherUITests" */;
			buildPhases = (
				8A29295222EEAFCD002E6106 /* Sources */,
				8A29295322EEAFCD002E6106 /* Frameworks */,
				8A29295422EEAFCD002E6106 /* Resources */,
			);
			buildRules = (
			);
			dependencies = (
				8A29295822EEAFCD002E6106 /* PBXTargetDependency */,
			);
			name = weatherUITests;
			productName = weatherUITests;
			productReference = 8A29295622EEAFCD002E6106 /* weatherUITests.xctest */;
			productType = "com.apple.product-type.bundle.ui-testing";
		};
/* End PBXNativeTarget section */

/* Begin PBXProject section */
		8A29292C22EEAFCB002E6106 /* Project object */ = {
			isa = PBXProject;
			attributes = {
				LastSwiftUpdateCheck = 1020;
				LastUpgradeCheck = 1020;
				ORGANIZATIONNAME = edu.data;
				TargetAttributes = {
					8A29293322EEAFCB002E6106 = {
						CreatedOnToolsVersion = 10.2.1;
					};
					8A29294A22EEAFCD002E6106 = {
						CreatedOnToolsVersion = 10.2.1;
						TestTargetID = 8A29293322EEAFCB002E6106;
					};
					8A29295522EEAFCD002E6106 = {
						CreatedOnToolsVersion = 10.2.1;
						TestTargetID = 8A29293322EEAFCB002E6106;
					};
				};
			};
			buildConfigurationList = 8A29292F22EEAFCB002E6106 /* Build configuration list for PBXProject "weather" */;
			compatibilityVersion = "Xcode 9.3";
			developmentRegion = en;
			hasScannedForEncodings = 0;
			knownRegions = (
				en,
				Base,
			);
			mainGroup = 8A29292B22EEAFCB002E6106;
			productRefGroup = 8A29293522EEAFCB002E6106 /* Products */;
			projectDirPath = "";
			projectRoot = "";
			targets = (
				8A29293322EEAFCB002E6106 /* weather */,
				8A29294A22EEAFCD002E6106 /* weatherTests */,
				8A29295522EEAFCD002E6106 /* weatherUITests */,
			);
		};
/* End PBXProject section */

/* Begin PBXResourcesBuildPhase section */
		8A29293222EEAFCB002E6106 /* Resources */ = {
			isa = PBXResourcesBuildPhase;
			buildActionMask = 2147483647;
			files = (
				8A29294522EEAFCD002E6106 /* LaunchScreen.storyboard in Resources */,
				8A29294222EEAFCD002E6106 /* Assets.xcassets in Resources */,
				8A29293D22EEAFCB002E6106 /* Main.storyboard in Resources */,
			);
			runOnlyForDeploymentPostprocessing = 0;
		};
		8A29294922EEAFCD002E6106 /* Resources */ = {
			isa = PBXResourcesBuildPhase;
			buildActionMask = 2147483647;
			files = (
			);
			runOnlyForDeploymentPostprocessing = 0;
		};
		8A29295422EEAFCD002E6106 /* Resources */ = {
			isa = PBXResourcesBuildPhase;
			buildActionMask = 2147483647;
			files = (
			);
			runOnlyForDeploymentPostprocessing = 0;
		};
/* End PBXResourcesBuildPhase section */

/* Begin PBXShellScriptBuildPhase section */
		02FF290F28C8CB8D9E0C2B06 /* [CP] Embed Pods Frameworks */ = {
			isa = PBXShellScriptBuildPhase;
			buildActionMask = 2147483647;
			files = (
			);
			inputFileListPaths = (
				"${PODS_ROOT}/Target Support Files/Pods-weather/Pods-weather-frameworks-${CONFIGURATION}-input-files.xcfilelist",
			);
			name = "[CP] Embed Pods Frameworks";
			outputFileListPaths = (
				"${PODS_ROOT}/Target Support Files/Pods-weather/Pods-weather-frameworks-${CONFIGURATION}-output-files.xcfilelist",
			);
			runOnlyForDeploymentPostprocessing = 0;
			shellPath = /bin/sh;
			shellScript = "\"${PODS_ROOT}/Target Support Files/Pods-weather/Pods-weather-frameworks.sh\"\n";
			showEnvVarsInLog = 0;
		};
		66183B9D922C30354F682D63 /* [CP] Check Pods Manifest.lock */ = {
			isa = PBXShellScriptBuildPhase;
			buildActionMask = 2147483647;
			files = (
			);
			inputFileListPaths = (
			);
			inputPaths = (
				"${PODS_PODFILE_DIR_PATH}/Podfile.lock",
				"${PODS_ROOT}/Manifest.lock",
			);
			name = "[CP] Check Pods Manifest.lock";
			outputFileListPaths = (
			);
			outputPaths = (
				"$(DERIVED_FILE_DIR)/Pods-weather-checkManifestLockResult.txt",
			);
			runOnlyForDeploymentPostprocessing = 0;
			shellPath = /bin/sh;
			shellScript = "diff \"${PODS_PODFILE_DIR_PATH}/Podfile.lock\" \"${PODS_ROOT}/Manifest.lock\" > /dev/null\nif [ $? != 0 ] ; then\n    # print error to STDERR\n    echo \"error: The sandbox is not in sync with the Podfile.lock. Run 'pod install' or update your CocoaPods installation.\" >&2\n    exit 1\nfi\n# This output is used by Xcode 'outputs' to avoid re-running this script phase.\necho \"SUCCESS\" > \"${SCRIPT_OUTPUT_FILE_0}\"\n";
			showEnvVarsInLog = 0;
		};
/* End PBXShellScriptBuildPhase section */

/* Begin PBXSourcesBuildPhase section */
		8A29293022EEAFCB002E6106 /* Sources */ = {
			isa = PBXSourcesBuildPhase;
			buildActionMask = 2147483647;
			files = (
				8A29296922EEB1A6002E6106 /* gv.swift in Sources */,
				8AE8F91822EF856C0098A277 /* ForeCast.swift in Sources */,
				8A29296D22EEB828002E6106 /* constant.swift in Sources */,
				8A29296B22EEB794002E6106 /* currentWeather.swift in Sources */,
				8AE8F91C22EFA49C0098A277 /* Location.swift in Sources */,
				8A29294022EEAFCB002E6106 /* weather.xcdatamodeld in Sources */,
				8AE8F91A22EF98240098A277 /* myCell.swift in Sources */,
				8A29293A22EEAFCB002E6106 /* ViewController.swift in Sources */,
				8A29293822EEAFCB002E6106 /* AppDelegate.swift in Sources */,
			);
			runOnlyForDeploymentPostprocessing = 0;
		};
		8A29294722EEAFCD002E6106 /* Sources */ = {
			isa = PBXSourcesBuildPhase;
			buildActionMask = 2147483647;
			files = (
				8A29295022EEAFCD002E6106 /* weatherTests.swift in Sources */,
			);
			runOnlyForDeploymentPostprocessing = 0;
		};
		8A29295222EEAFCD002E6106 /* Sources */ = {
			isa = PBXSourcesBuildPhase;
			buildActionMask = 2147483647;
			files = (
				8A29295B22EEAFCD002E6106 /* weatherUITests.swift in Sources */,
			);
			runOnlyForDeploymentPostprocessing = 0;
		};
/* End PBXSourcesBuildPhase section */

/* Begin PBXTargetDependency section */
		8A29294D22EEAFCD002E6106 /* PBXTargetDependency */ = {
			isa = PBXTargetDependency;
			target = 8A29293322EEAFCB002E6106 /* weather */;
			targetProxy = 8A29294C22EEAFCD002E6106 /* PBXContainerItemProxy */;
		};
		8A29295822EEAFCD002E6106 /* PBXTargetDependency */ = {
			isa = PBXTargetDependency;
			target = 8A29293322EEAFCB002E6106 /* weather */;
			targetProxy = 8A29295722EEAFCD002E6106 /* PBXContainerItemProxy */;
		};
/* End PBXTargetDependency section */

/* Begin PBXVariantGroup section */
		8A29293B22EEAFCB002E6106 /* Main.storyboard */ = {
			isa = PBXVariantGroup;
			children = (
				8A29293C22EEAFCB002E6106 /* Base */,
			);
			name = Main.storyboard;
			sourceTree = "<group>";
		};
		8A29294322EEAFCD002E6106 /* LaunchScreen.storyboard */ = {
			isa = PBXVariantGroup;
			children = (
				8A29294422EEAFCD002E6106 /* Base */,
			);
			name = LaunchScreen.storyboard;
			sourceTree = "<group>";
		};
/* End PBXVariantGroup section */

/* Begin XCBuildConfiguration section */
		8A29295D22EEAFCD002E6106 /* Debug */ = {
			isa = XCBuildConfiguration;
			buildSettings = {
				ALWAYS_SEARCH_USER_PATHS = NO;
				CLANG_ANALYZER_NONNULL = YES;
				CLANG_ANALYZER_NUMBER_OBJECT_CONVERSION = YES_AGGRESSIVE;
				CLANG_CXX_LANGUAGE_STANDARD = "gnu++14";
				CLANG_CXX_LIBRARY = "libc++";
				CLANG_ENABLE_MODULES = YES;
				CLANG_ENABLE_OBJC_ARC = YES;
				CLANG_ENABLE_OBJC_WEAK = YES;
				CLANG_WARN_BLOCK_CAPTURE_AUTORELEASING = YES;
				CLANG_WARN_BOOL_CONVERSION = YES;
				CLANG_WARN_COMMA = YES;
				CLANG_WARN_CONSTANT_CONVERSION = YES;
				CLANG_WARN_DEPRECATED_OBJC_IMPLEMENTATIONS = YES;
				CLANG_WARN_DIRECT_OBJC_ISA_USAGE = YES_ERROR;
				CLANG_WARN_DOCUMENTATION_COMMENTS = YES;
				CLANG_WARN_EMPTY_BODY = YES;
				CLANG_WARN_ENUM_CONVERSION = YES;
				CLANG_WARN_INFINITE_RECURSION = YES;
				CLANG_WARN_INT_CONVERSION = YES;
				CLANG_WARN_NON_LITERAL_NULL_CONVERSION = YES;
				CLANG_WARN_OBJC_IMPLICIT_RETAIN_SELF = YES;
				CLANG_WARN_OBJC_LITERAL_CONVERSION = YES;
				CLANG_WARN_OBJC_ROOT_CLASS = YES_ERROR;
				CLANG_WARN_RANGE_LOOP_ANALYSIS = YES;
				CLANG_WARN_STRICT_PROTOTYPES = YES;
				CLANG_WARN_SUSPICIOUS_MOVE = YES;
				CLANG_WARN_UNGUARDED_AVAILABILITY = YES_AGGRESSIVE;
				CLANG_WARN_UNREACHABLE_CODE = YES;
				CLANG_WARN__DUPLICATE_METHOD_MATCH = YES;
				CODE_SIGN_IDENTITY = "iPhone Developer";
				COPY_PHASE_STRIP = NO;
				DEBUG_INFORMATION_FORMAT = dwarf;
				ENABLE_STRICT_OBJC_MSGSEND = YES;
				ENABLE_TESTABILITY = YES;
				GCC_C_LANGUAGE_STANDARD = gnu11;
				GCC_DYNAMIC_NO_PIC = NO;
				GCC_NO_COMMON_BLOCKS = YES;
				GCC_OPTIMIZATION_LEVEL = 0;
				GCC_PREPROCESSOR_DEFINITIONS = (
					"DEBUG=1",
					"$(inherited)",
				);
				GCC_WARN_64_TO_32_BIT_CONVERSION = YES;
				GCC_WARN_ABOUT_RETURN_TYPE = YES_ERROR;
				GCC_WARN_UNDECLARED_SELECTOR = YES;
				GCC_WARN_UNINITIALIZED_AUTOS = YES_AGGRESSIVE;
				GCC_WARN_UNUSED_FUNCTION = YES;
				GCC_WARN_UNUSED_VARIABLE = YES;
				IPHONEOS_DEPLOYMENT_TARGET = 12.2;
				MTL_ENABLE_DEBUG_INFO = INCLUDE_SOURCE;
				MTL_FAST_MATH = YES;
				ONLY_ACTIVE_ARCH = YES;
				SDKROOT = iphoneos;
				SWIFT_ACTIVE_COMPILATION_CONDITIONS = DEBUG;
				SWIFT_OPTIMIZATION_LEVEL = "-Onone";
			};
			name = Debug;
		};
		8A29295E22EEAFCD002E6106 /* Release */ = {
			isa = XCBuildConfiguration;
			buildSettings = {
				ALWAYS_SEARCH_USER_PATHS = NO;
				CLANG_ANALYZER_NONNULL = YES;
				CLANG_ANALYZER_NUMBER_OBJECT_CONVERSION = YES_AGGRESSIVE;
				CLANG_CXX_LANGUAGE_STANDARD = "gnu++14";
				CLANG_CXX_LIBRARY = "libc++";
				CLANG_ENABLE_MODULES = YES;
				CLANG_ENABLE_OBJC_ARC = YES;
				CLANG_ENABLE_OBJC_WEAK = YES;
				CLANG_WARN_BLOCK_CAPTURE_AUTORELEASING = YES;
				CLANG_WARN_BOOL_CONVERSION = YES;
				CLANG_WARN_COMMA = YES;
				CLANG_WARN_CONSTANT_CONVERSION = YES;
				CLANG_WARN_DEPRECATED_OBJC_IMPLEMENTATIONS = YES;
				CLANG_WARN_DIRECT_OBJC_ISA_USAGE = YES_ERROR;
				CLANG_WARN_DOCUMENTATION_COMMENTS = YES;
				CLANG_WARN_EMPTY_BODY = YES;
				CLANG_WARN_ENUM_CONVERSION = YES;
				CLANG_WARN_INFINITE_RECURSION = YES;
				CLANG_WARN_INT_CONVERSION = YES;
				CLANG_WARN_NON_LITERAL_NULL_CONVERSION = YES;
				CLANG_WARN_OBJC_IMPLICIT_RETAIN_SELF = YES;
				CLANG_WARN_OBJC_LITERAL_CONVERSION = YES;
				CLANG_WARN_OBJC_ROOT_CLASS = YES_ERROR;
				CLANG_WARN_RANGE_LOOP_ANALYSIS = YES;
				CLANG_WARN_STRICT_PROTOTYPES = YES;
				CLANG_WARN_SUSPICIOUS_MOVE = YES;
				CLANG_WARN_UNGUARDED_AVAILABILITY = YES_AGGRESSIVE;
				CLANG_WARN_UNREACHABLE_CODE = YES;
				CLANG_WARN__DUPLICATE_METHOD_MATCH = YES;
				CODE_SIGN_IDENTITY = "iPhone Developer";
				COPY_PHASE_STRIP = NO;
				DEBUG_INFORMATION_FORMAT = "dwarf-with-dsym";
				ENABLE_NS_ASSERTIONS = NO;
				ENABLE_STRICT_OBJC_MSGSEND = YES;
				GCC_C_LANGUAGE_STANDARD = gnu11;
				GCC_NO_COMMON_BLOCKS = YES;
				GCC_WARN_64_TO_32_BIT_CONVERSION = YES;
				GCC_WARN_ABOUT_RETURN_TYPE = YES_ERROR;
				GCC_WARN_UNDECLARED_SELECTOR = YES;
				GCC_WARN_UNINITIALIZED_AUTOS = YES_AGGRESSIVE;
				GCC_WARN_UNUSED_FUNCTION = YES;
				GCC_WARN_UNUSED_VARIABLE = YES;
				IPHONEOS_DEPLOYMENT_TARGET = 12.2;
				MTL_ENABLE_DEBUG_INFO = NO;
				MTL_FAST_MATH = YES;
				SDKROOT = iphoneos;
				SWIFT_COMPILATION_MODE = wholemodule;
				SWIFT_OPTIMIZATION_LEVEL = "-O";
				VALIDATE_PRODUCT = YES;
			};
			name = Release;
		};
		8A29296022EEAFCD002E6106 /* Debug */ = {
			isa = XCBuildConfiguration;
			baseConfigurationReference = 9DBE2F51C965D90D7DADCF84 /* Pods-weather.debug.xcconfig */;
			buildSettings = {
				ASSETCATALOG_COMPILER_APPICON_NAME = AppIcon;
				CODE_SIGN_STYLE = Automatic;
				INFOPLIST_FILE = weather/Info.plist;
				IPHONEOS_DEPLOYMENT_TARGET = 12.0;
				LD_RUNPATH_SEARCH_PATHS = (
					"$(inherited)",
					"@executable_path/Frameworks",
				);
				PRODUCT_BUNDLE_IDENTIFIER = FCI.weather;
				PRODUCT_NAME = "$(TARGET_NAME)";
				SWIFT_VERSION = 5.0;
				TARGETED_DEVICE_FAMILY = "1,2";
			};
			name = Debug;
		};
		8A29296122EEAFCD002E6106 /* Release */ = {
			isa = XCBuildConfiguration;
			baseConfigurationReference = 73F65AC00D23C7E9EA1E2B64 /* Pods-weather.release.xcconfig */;
			buildSettings = {
				ASSETCATALOG_COMPILER_APPICON_NAME = AppIcon;
				CODE_SIGN_STYLE = Automatic;
				INFOPLIST_FILE = weather/Info.plist;
				IPHONEOS_DEPLOYMENT_TARGET = 12.0;
				LD_RUNPATH_SEARCH_PATHS = (
					"$(inherited)",
					"@executable_path/Frameworks",
				);
				PRODUCT_BUNDLE_IDENTIFIER = FCI.weather;
				PRODUCT_NAME = "$(TARGET_NAME)";
				SWIFT_VERSION = 5.0;
				TARGETED_DEVICE_FAMILY = "1,2";
			};
			name = Release;
		};
		8A29296322EEAFCD002E6106 /* Debug */ = {
			isa = XCBuildConfiguration;
			buildSettings = {
				ALWAYS_EMBED_SWIFT_STANDARD_LIBRARIES = YES;
				BUNDLE_LOADER = "$(TEST_HOST)";
				CODE_SIGN_STYLE = Automatic;
				INFOPLIST_FILE = weatherTests/Info.plist;
				LD_RUNPATH_SEARCH_PATHS = (
					"$(inherited)",
					"@executable_path/Frameworks",
					"@loader_path/Frameworks",
				);
				PRODUCT_BUNDLE_IDENTIFIER = FCI.weatherTests;
				PRODUCT_NAME = "$(TARGET_NAME)";
				SWIFT_VERSION = 5.0;
				TARGETED_DEVICE_FAMILY = "1,2";
				TEST_HOST = "$(BUILT_PRODUCTS_DIR)/weather.app/weather";
			};
			name = Debug;
		};
		8A29296422EEAFCD002E6106 /* Release */ = {
			isa = XCBuildConfiguration;
			buildSettings = {
				ALWAYS_EMBED_SWIFT_STANDARD_LIBRARIES = YES;
				BUNDLE_LOADER = "$(TEST_HOST)";
				CODE_SIGN_STYLE = Automatic;
				INFOPLIST_FILE = weatherTests/Info.plist;
				LD_RUNPATH_SEARCH_PATHS = (
					"$(inherited)",
					"@executable_path/Frameworks",
					"@loader_path/Frameworks",
				);
				PRODUCT_BUNDLE_IDENTIFIER = FCI.weatherTests;
				PRODUCT_NAME = "$(TARGET_NAME)";
				SWIFT_VERSION = 5.0;
				TARGETED_DEVICE_FAMILY = "1,2";
				TEST_HOST = "$(BUILT_PRODUCTS_DIR)/weather.app/weather";
			};
			name = Release;
		};
		8A29296622EEAFCD002E6106 /* Debug */ = {
			isa = XCBuildConfiguration;
			buildSettings = {
				ALWAYS_EMBED_SWIFT_STANDARD_LIBRARIES = YES;
				CODE_SIGN_STYLE = Automatic;
				INFOPLIST_FILE = weatherUITests/Info.plist;
				LD_RUNPATH_SEARCH_PATHS = (
					"$(inherited)",
					"@executable_path/Frameworks",
					"@loader_path/Frameworks",
				);
				PRODUCT_BUNDLE_IDENTIFIER = FCI.weatherUITests;
				PRODUCT_NAME = "$(TARGET_NAME)";
				SWIFT_VERSION = 5.0;
				TARGETED_DEVICE_FAMILY = "1,2";
				TEST_TARGET_NAME = weather;
			};
			name = Debug;
		};
		8A29296722EEAFCD002E6106 /* Release */ = {
			isa = XCBuildConfiguration;
			buildSettings = {
				ALWAYS_EMBED_SWIFT_STANDARD_LIBRARIES = YES;
				CODE_SIGN_STYLE = Automatic;
				INFOPLIST_FILE = weatherUITests/Info.plist;
				LD_RUNPATH_SEARCH_PATHS = (
					"$(inherited)",
					"@executable_path/Frameworks",
					"@loader_path/Frameworks",
				);
				PRODUCT_BUNDLE_IDENTIFIER = FCI.weatherUITests;
				PRODUCT_NAME = "$(TARGET_NAME)";
				SWIFT_VERSION = 5.0;
				TARGETED_DEVICE_FAMILY = "1,2";
				TEST_TARGET_NAME = weather;
			};
			name = Release;
		};
/* End XCBuildConfiguration section */

/* Begin XCConfigurationList section */
		8A29292F22EEAFCB002E6106 /* Build configuration list for PBXProject "weather" */ = {
			isa = XCConfigurationList;
			buildConfigurations = (
				8A29295D22EEAFCD002E6106 /* Debug */,
				8A29295E22EEAFCD002E6106 /* Release */,
			);
			defaultConfigurationIsVisible = 0;
			defaultConfigurationName = Release;
		};
		8A29295F22EEAFCD002E6106 /* Build configuration list for PBXNativeTarget "weather" */ = {
			isa = XCConfigurationList;
			buildConfigurations = (
				8A29296022EEAFCD002E6106 /* Debug */,
				8A29296122EEAFCD002E6106 /* Release */,
			);
			defaultConfigurationIsVisible = 0;
			defaultConfigurationName = Release;
		};
		8A29296222EEAFCD002E6106 /* Build configuration list for PBXNativeTarget "weatherTests" */ = {
			isa = XCConfigurationList;
			buildConfigurations = (
				8A29296322EEAFCD002E6106 /* Debug */,
				8A29296422EEAFCD002E6106 /* Release */,
			);
			defaultConfigurationIsVisible = 0;
			defaultConfigurationName = Release;
		};
		8A29296522EEAFCD002E6106 /* Build configuration list for PBXNativeTarget "weatherUITests" */ = {
			isa = XCConfigurationList;
			buildConfigurations = (
				8A29296622EEAFCD002E6106 /* Debug */,
				8A29296722EEAFCD002E6106 /* Release */,
			);
			defaultConfigurationIsVisible = 0;
			defaultConfigurationName = Release;
		};
/* End XCConfigurationList section */

/* Begin XCVersionGroup section */
		8A29293E22EEAFCB002E6106 /* weather.xcdatamodeld */ = {
			isa = XCVersionGroup;
			children = (
				8A29293F22EEAFCB002E6106 /* weather.xcdatamodel */,
			);
			currentVersion = 8A29293F22EEAFCB002E6106 /* weather.xcdatamodel */;
			path = weather.xcdatamodeld;
			sourceTree = "<group>";
			versionGroupType = wrapper.xcdatamodel;
		};
/* End XCVersionGroup section */
	};
	rootObject = 8A29292C22EEAFCB002E6106 /* Project object */;
}
